// !$*UTF8*$!
{
	archiveVersion = 1;
	classes = {
	};
	objectVersion = 46;
	objects = {

/* Begin PBXBuildFile section */
		DC41DCDE1AC1611400ADB4A3 /* main.c in Sources */ = {isa = PBXBuildFile; fileRef = DC41DCDD1AC1611400ADB4A3 /* main.c */; };
/* End PBXBuildFile section */

/* Begin PBXCopyFilesBuildPhase section */
		DC41DCD81AC1611400ADB4A3 /* CopyFiles */ = {
			isa = PBXCopyFilesBuildPhase;
			buildActionMask = 2147483647;
			dstPath = /usr/share/man/man1/;
			dstSubfolderSpec = 0;
			files = (
			);
			runOnlyForDeploymentPostprocessing = 1;
		};
/* End PBXCopyFilesBuildPhase section */

/* Begin PBXFileReference section */
		DC41DCDA1AC1611400ADB4A3 /* admm_x */ = {isa = PBXFileReference; explicitFileType = "compiled.mach-o.executable"; includeInIndex = 0; path = admm_x; sourceTree = BUILT_PRODUCTS_DIR; };
		DC41DCDD1AC1611400ADB4A3 /* main.c */ = {isa = PBXFileReference; lastKnownFileType = sourcecode.c.c; path = main.c; sourceTree = "<group>"; };
/* End PBXFileReference section */

/* Begin PBXFrameworksBuildPhase section */
		DC41DCD71AC1611400ADB4A3 /* Frameworks */ = {
			isa = PBXFrameworksBuildPhase;
			buildActionMask = 2147483647;
			files = (
			);
			runOnlyForDeploymentPostprocessing = 0;
		};
/* End PBXFrameworksBuildPhase section */

/* Begin PBXGroup section */
		DC41DCD11AC1611400ADB4A3 = {
			isa = PBXGroup;
			children = (
				DC41DCDC1AC1611400ADB4A3 /* admm_x */,
				DC41DCDB1AC1611400ADB4A3 /* Products */,
			);
			sourceTree = "<group>";
		};
		DC41DCDB1AC1611400ADB4A3 /* Products */ = {
			isa = PBXGroup;
			children = (
				DC41DCDA1AC1611400ADB4A3 /* admm_x */,
			);
			name = Products;
			sourceTree = "<group>";
		};
		DC41DCDC1AC1611400ADB4A3 /* admm_x */ = {
			isa = PBXGroup;
			children = (
				DC41DCDD1AC1611400ADB4A3 /* main.c */,
			);
			path = admm_x;
			sourceTree = "<group>";
		};
/* End PBXGroup section */

/* Begin PBXNativeTarget section */
		DC41DCD91AC1611400ADB4A3 /* admm_x */ = {
			isa = PBXNativeTarget;
			buildConfigurationList = DC41DCE11AC1611400ADB4A3 /* Build configuration list for PBXNativeTarget "admm_x" */;
			buildPhases = (
				DC41DCD61AC1611400ADB4A3 /* Sources */,
				DC41DCD71AC1611400ADB4A3 /* Frameworks */,
				DC41DCD81AC1611400ADB4A3 /* CopyFiles */,
			);
			buildRules = (
			);
			dependencies = (
			);
			name = admm_x;
			productName = admm_x;
			productReference = DC41DCDA1AC1611400ADB4A3 /* admm_x */;
			productType = "com.apple.product-type.tool";
		};
/* End PBXNativeTarget section */

/* Begin PBXProject section */
		DC41DCD21AC1611400ADB4A3 /* Project object */ = {
			isa = PBXProject;
			attributes = {
				LastUpgradeCheck = 0620;
				ORGANIZATIONNAME = "Colin Jones";
				TargetAttributes = {
					DC41DCD91AC1611400ADB4A3 = {
						CreatedOnToolsVersion = 6.2;
					};
				};
			};
			buildConfigurationList = DC41DCD51AC1611400ADB4A3 /* Build configuration list for PBXProject "admm_x" */;
			compatibilityVersion = "Xcode 3.2";
			developmentRegion = English;
			hasScannedForEncodings = 0;
			knownRegions = (
				en,
			);
			mainGroup = DC41DCD11AC1611400ADB4A3;
			productRefGroup = DC41DCDB1AC1611400ADB4A3 /* Products */;
			projectDirPath = "";
			projectRoot = "";
			targets = (
				DC41DCD91AC1611400ADB4A3 /* admm_x */,
			);
		};
/* End PBXProject section */

/* Begin PBXSourcesBuildPhase section */
		DC41DCD61AC1611400ADB4A3 /* Sources */ = {
			isa = PBXSourcesBuildPhase;
			buildActionMask = 2147483647;
			files = (
				DC41DCDE1AC1611400ADB4A3 /* main.c in Sources */,
			);
			runOnlyForDeploymentPostprocessing = 0;
		};
/* End PBXSourcesBuildPhase section */

/* Begin XCBuildConfiguration section */
		DC41DCDF1AC1611400ADB4A3 /* Debug */ = {
			isa = XCBuildConfiguration;
			buildSettings = {
				ALWAYS_SEARCH_USER_PATHS = NO;
				CLANG_CXX_LANGUAGE_STANDARD = "gnu++0x";
				CLANG_CXX_LIBRARY = "libc++";
				CLANG_ENABLE_MODULES = YES;
				CLANG_ENABLE_OBJC_ARC = YES;
				CLANG_WARN_BOOL_CONVERSION = YES;
				CLANG_WARN_CONSTANT_CONVERSION = YES;
				CLANG_WARN_DIRECT_OBJC_ISA_USAGE = YES_ERROR;
				CLANG_WARN_EMPTY_BODY = YES;
				CLANG_WARN_ENUM_CONVERSION = YES;
				CLANG_WARN_INT_CONVERSION = YES;
				CLANG_WARN_OBJC_ROOT_CLASS = YES_ERROR;
				CLANG_WARN_UNREACHABLE_CODE = YES;
				CLANG_WARN__DUPLICATE_METHOD_MATCH = YES;
				COPY_PHASE_STRIP = NO;
				ENABLE_STRICT_OBJC_MSGSEND = YES;
				GCC_C_LANGUAGE_STANDARD = gnu99;
				GCC_DYNAMIC_NO_PIC = NO;
				GCC_OPTIMIZATION_LEVEL = 0;
				GCC_PREPROCESSOR_DEFINITIONS = (
					"DEBUG=1",
					"$(inherited)",
				);
				GCC_SYMBOLS_PRIVATE_EXTERN = NO;
				GCC_WARN_64_TO_32_BIT_CONVERSION = YES;
				GCC_WARN_ABOUT_RETURN_TYPE = YES_ERROR;
				GCC_WARN_UNDECLARED_SELECTOR = YES;
				GCC_WARN_UNINITIALIZED_AUTOS = YES_AGGRESSIVE;
				GCC_WARN_UNUSED_FUNCTION = YES;
				GCC_WARN_UNUSED_VARIABLE = YES;
				MACOSX_DEPLOYMENT_TARGET = 10.10;
				MTL_ENABLE_DEBUG_INFO = YES;
				ONLY_ACTIVE_ARCH = YES;
				SDKROOT = macosx;
			};
			name = Debug;
		};
		DC41DCE01AC1611400ADB4A3 /* Release */ = {
			isa = XCBuildConfiguration;
			buildSettings = {
				ALWAYS_SEARCH_USER_PATHS = NO;
				CLANG_CXX_LANGUAGE_STANDARD = "gnu++0x";
				CLANG_CXX_LIBRARY = "libc++";
				CLANG_ENABLE_MODULES = YES;
				CLANG_ENABLE_OBJC_ARC = YES;
				CLANG_WARN_BOOL_CONVERSION = YES;
				CLANG_WARN_CONSTANT_CONVERSION = YES;
				CLANG_WARN_DIRECT_OBJC_ISA_USAGE = YES_ERROR;
				CLANG_WARN_EMPTY_BODY = YES;
				CLANG_WARN_ENUM_CONVERSION = YES;
				CLANG_WARN_INT_CONVERSION = YES;
				CLANG_WARN_OBJC_ROOT_CLASS = YES_ERROR;
				CLANG_WARN_UNREACHABLE_CODE = YES;
				CLANG_WARN__DUPLICATE_METHOD_MATCH = YES;
				COPY_PHASE_STRIP = NO;
				DEBUG_INFORMATION_FORMAT = "dwarf-with-dsym";
				ENABLE_NS_ASSERTIONS = NO;
				ENABLE_STRICT_OBJC_MSGSEND = YES;
				GCC_C_LANGUAGE_STANDARD = gnu99;
				GCC_WARN_64_TO_32_BIT_CONVERSION = YES;
				GCC_WARN_ABOUT_RETURN_TYPE = YES_ERROR;
				GCC_WARN_UNDECLARED_SELECTOR = YES;
				GCC_WARN_UNINITIALIZED_AUTOS = YES_AGGRESSIVE;
				GCC_WARN_UNUSED_FUNCTION = YES;
				GCC_WARN_UNUSED_VARIABLE = YES;
				MACOSX_DEPLOYMENT_TARGET = 10.10;
				MTL_ENABLE_DEBUG_INFO = NO;
				SDKROOT = macosx;
			};
			name = Release;
		};
		DC41DCE21AC1611400ADB4A3 /* Debug */ = {
			isa = XCBuildConfiguration;
			buildSettings = {
				PRODUCT_NAME = "$(TARGET_NAME)";
			};
			name = Debug;
		};
		DC41DCE31AC1611400ADB4A3 /* Release */ = {
			isa = XCBuildConfiguration;
			buildSettings = {
				PRODUCT_NAME = "$(TARGET_NAME)";
			};
			name = Release;
		};
/* End XCBuildConfiguration section */

/* Begin XCConfigurationList section */
		DC41DCD51AC1611400ADB4A3 /* Build configuration list for PBXProject "admm_x" */ = {
			isa = XCConfigurationList;
			buildConfigurations = (
				DC41DCDF1AC1611400ADB4A3 /* Debug */,
				DC41DCE01AC1611400ADB4A3 /* Release */,
			);
			defaultConfigurationIsVisible = 0;
			defaultConfigurationName = Release;
		};
		DC41DCE11AC1611400ADB4A3 /* Build configuration list for PBXNativeTarget "admm_x" */ = {
			isa = XCConfigurationList;
			buildConfigurations = (
				DC41DCE21AC1611400ADB4A3 /* Debug */,
				DC41DCE31AC1611400ADB4A3 /* Release */,
			);
			defaultConfigurationIsVisible = 0;
		};
/* End XCConfigurationList section */
	};
	rootObject = DC41DCD21AC1611400ADB4A3 /* Project object */;
}
